
Microsoft Visual Studio Solution File, Format Version 12.00
Project("{FAE04EC0-301F-11D3-BF4B-00C04F79EFBC}") = "IntelligentComments.Tests", "src\dotnet\IntelligentComments.Tests\IntelligentComments.Tests.csproj", "{01C3DEF5-50B2-47CB-9467-19BC6DDF9D3D}"
EndProject
Project("{2150E333-8FDC-42A3-9474-1A3956D46DE8}") = "misc", "misc", "{4A9ABB95-3762-448B-B5BF-099E46DB22DE}"
ProjectSection(SolutionItems) = preProject
	src\dotnet\Plugin.props = src\dotnet\Plugin.props
	README.md = README.md
	CHANGELOG.md = CHANGELOG.md
	src\rider\main\resources\META-INF\plugin.xml = src\rider\main\resources\META-INF\plugin.xml
	gradle.properties = gradle.properties
EndProjectSection
EndProject
Project("{FAE04EC0-301F-11D3-BF4B-00C04F79EFBC}") = "IntelligentComments.Rider", "src\dotnet\IntelligentComments.Rider\IntelligentComments.Rider.csproj", "{F187A373-EC40-4D92-A8C4-C4E0136F3484}"
EndProject
Project("{FAE04EC0-301F-11D3-BF4B-00C04F79EFBC}") = "IntelligentComments", "src\dotnet\IntelligentComments\IntelligentComments.csproj", "{EDDA1742-5B29-4CD5-B852-33464A0ED4C3}"
EndProject
Global
	GlobalSection(SolutionConfigurationPlatforms) = preSolution
		Debug|Any CPU = Debug|Any CPU
		Release|Any CPU = Release|Any CPU
	EndGlobalSection
	GlobalSection(ProjectConfigurationPlatforms) = postSolution
		{01C3DEF5-50B2-47CB-9467-19BC6DDF9D3D}.Debug|Any CPU.ActiveCfg = Debug|Any CPU
		{01C3DEF5-50B2-47CB-9467-19BC6DDF9D3D}.Debug|Any CPU.Build.0 = Debug|Any CPU
		{01C3DEF5-50B2-47CB-9467-19BC6DDF9D3D}.Release|Any CPU.ActiveCfg = Release|Any CPU
		{01C3DEF5-50B2-47CB-9467-19BC6DDF9D3D}.Release|Any CPU.Build.0 = Release|Any CPU
		{F187A373-EC40-4D92-A8C4-C4E0136F3484}.Debug|Any CPU.ActiveCfg = Debug|Any CPU
		{F187A373-EC40-4D92-A8C4-C4E0136F3484}.Debug|Any CPU.Build.0 = Debug|Any CPU
		{F187A373-EC40-4D92-A8C4-C4E0136F3484}.Release|Any CPU.ActiveCfg = Release|Any CPU
		{F187A373-EC40-4D92-A8C4-C4E0136F3484}.Release|Any CPU.Build.0 = Release|Any CPU
		{EDDA1742-5B29-4CD5-B852-33464A0ED4C3}.Debug|Any CPU.ActiveCfg = Debug|Any CPU
		{EDDA1742-5B29-4CD5-B852-33464A0ED4C3}.Debug|Any CPU.Build.0 = Debug|Any CPU
		{EDDA1742-5B29-4CD5-B852-33464A0ED4C3}.Release|Any CPU.ActiveCfg = Release|Any CPU
		{EDDA1742-5B29-4CD5-B852-33464A0ED4C3}.Release|Any CPU.Build.0 = Release|Any CPU
	EndGlobalSection
EndGlobal
